
Microsoft Visual Studio Solution File, Format Version 12.00
# Visual Studio Version 16
VisualStudioVersion = 16.0.30621.155
MinimumVisualStudioVersion = 10.0.40219.1
Project("{FAE04EC0-301F-11D3-BF4B-00C04F79EFBC}") = "mod25_tarea", "mod25_tarea\mod25_tarea.csproj", "{8CEDDCF0-5DF5-4E68-BB4A-89237A27DA34}"
EndProject
Global
	GlobalSection(SolutionConfigurationPlatforms) = preSolution
		Debug|Any CPU = Debug|Any CPU
		Release|Any CPU = Release|Any CPU
	EndGlobalSection
	GlobalSection(ProjectConfigurationPlatforms) = postSolution
		{8CEDDCF0-5DF5-4E68-BB4A-89237A27DA34}.Debug|Any CPU.ActiveCfg = Debug|Any CPU
		{8CEDDCF0-5DF5-4E68-BB4A-89237A27DA34}.Debug|Any CPU.Build.0 = Debug|Any CPU
		{8CEDDCF0-5DF5-4E68-BB4A-89237A27DA34}.Release|Any CPU.ActiveCfg = Release|Any CPU
		{8CEDDCF0-5DF5-4E68-BB4A-89237A27DA34}.Release|Any CPU.Build.0 = Release|Any CPU
	EndGlobalSection
	GlobalSection(SolutionProperties) = preSolution
		HideSolutionNode = FALSE
	EndGlobalSection
	GlobalSection(ExtensibilityGlobals) = postSolution
		SolutionGuid = {506BD643-8474-4E12-9878-A17999B924FB}
	EndGlobalSection
EndGlobal
